
Microsoft Visual Studio Solution File, Format Version 12.00
# Visual Studio Version 16
VisualStudioVersion = 16.0.32002.261
MinimumVisualStudioVersion = 10.0.40219.1
Project("{FAE04EC0-301F-11D3-BF4B-00C04F79EFBC}") = "PersisentStudentWebApi", "PersisentStudentWebApi\PersisentStudentWebApi.csproj", "{6C836137-2320-4D3D-944E-E1E88D9B3AA8}"
EndProject
Project("{FAE04EC0-301F-11D3-BF4B-00C04F79EFBC}") = "ClientAppplication", "ClientAppplication\ClientAppplication.csproj", "{8898583D-6DF6-4E46-BD5A-98FECA13A0F9}"
EndProject
Global
	GlobalSection(SolutionConfigurationPlatforms) = preSolution
		Debug|Any CPU = Debug|Any CPU
		Release|Any CPU = Release|Any CPU
	EndGlobalSection
	GlobalSection(ProjectConfigurationPlatforms) = postSolution
		{6C836137-2320-4D3D-944E-E1E88D9B3AA8}.Debug|Any CPU.ActiveCfg = Debug|Any CPU
		{6C836137-2320-4D3D-944E-E1E88D9B3AA8}.Debug|Any CPU.Build.0 = Debug|Any CPU
		{6C836137-2320-4D3D-944E-E1E88D9B3AA8}.Release|Any CPU.ActiveCfg = Release|Any CPU
		{6C836137-2320-4D3D-944E-E1E88D9B3AA8}.Release|Any CPU.Build.0 = Release|Any CPU
		{8898583D-6DF6-4E46-BD5A-98FECA13A0F9}.Debug|Any CPU.ActiveCfg = Debug|Any CPU
		{8898583D-6DF6-4E46-BD5A-98FECA13A0F9}.Debug|Any CPU.Build.0 = Debug|Any CPU
		{8898583D-6DF6-4E46-BD5A-98FECA13A0F9}.Release|Any CPU.ActiveCfg = Release|Any CPU
		{8898583D-6DF6-4E46-BD5A-98FECA13A0F9}.Release|Any CPU.Build.0 = Release|Any CPU
	EndGlobalSection
	GlobalSection(SolutionProperties) = preSolution
		HideSolutionNode = FALSE
	EndGlobalSection
	GlobalSection(ExtensibilityGlobals) = postSolution
		SolutionGuid = {FFC78806-A502-4075-B0E3-ED2AA8303F16}
	EndGlobalSection
EndGlobal
